
Microsoft Visual Studio Solution File, Format Version 12.00
# Visual Studio Version 17
VisualStudioVersion = 17.2.32602.215
MinimumVisualStudioVersion = 10.0.40219.1
Project("{FAE04EC0-301F-11D3-BF4B-00C04F79EFBC}") = "Ejercicio12.Android", "Ejercicio12.Android\Ejercicio12.Android.csproj", "{56664CA7-8EC7-4A53-8423-A04F2F8D88F2}"
EndProject
Project("{FAE04EC0-301F-11D3-BF4B-00C04F79EFBC}") = "Ejercicio12", "Ejercicio12\Ejercicio12.csproj", "{33BB0351-8C82-4534-BBDA-C987E1BFA577}"
EndProject
Global
	GlobalSection(SolutionConfigurationPlatforms) = preSolution
		Debug|Any CPU = Debug|Any CPU
		Release|Any CPU = Release|Any CPU
	EndGlobalSection
	GlobalSection(ProjectConfigurationPlatforms) = postSolution
		{56664CA7-8EC7-4A53-8423-A04F2F8D88F2}.Debug|Any CPU.ActiveCfg = Debug|Any CPU
		{56664CA7-8EC7-4A53-8423-A04F2F8D88F2}.Debug|Any CPU.Build.0 = Debug|Any CPU
		{56664CA7-8EC7-4A53-8423-A04F2F8D88F2}.Debug|Any CPU.Deploy.0 = Debug|Any CPU
		{56664CA7-8EC7-4A53-8423-A04F2F8D88F2}.Release|Any CPU.ActiveCfg = Release|Any CPU
		{56664CA7-8EC7-4A53-8423-A04F2F8D88F2}.Release|Any CPU.Build.0 = Release|Any CPU
		{56664CA7-8EC7-4A53-8423-A04F2F8D88F2}.Release|Any CPU.Deploy.0 = Release|Any CPU
		{33BB0351-8C82-4534-BBDA-C987E1BFA577}.Debug|Any CPU.ActiveCfg = Debug|Any CPU
		{33BB0351-8C82-4534-BBDA-C987E1BFA577}.Debug|Any CPU.Build.0 = Debug|Any CPU
		{33BB0351-8C82-4534-BBDA-C987E1BFA577}.Debug|Any CPU.Deploy.0 = Debug|Any CPU
		{33BB0351-8C82-4534-BBDA-C987E1BFA577}.Release|Any CPU.ActiveCfg = Release|Any CPU
		{33BB0351-8C82-4534-BBDA-C987E1BFA577}.Release|Any CPU.Build.0 = Release|Any CPU
		{33BB0351-8C82-4534-BBDA-C987E1BFA577}.Release|Any CPU.Deploy.0 = Release|Any CPU
	EndGlobalSection
	GlobalSection(SolutionProperties) = preSolution
		HideSolutionNode = FALSE
	EndGlobalSection
	GlobalSection(ExtensibilityGlobals) = postSolution
		SolutionGuid = {EF4B4C1E-4602-4AE1-A949-98A0094AFFBF}
	EndGlobalSection
EndGlobal
